{
  "nodes": {
    "nixpkgs": {
      "locked": {
        "lastModified": 1730599252,
        "narHash": "sha256-gCkK9sTqEKYRM5db5nPydip//4mQfiW3GTEw874bYps=",
        "path": "/nix/store/h9835xa06wsby82sxm3s8cxcgjckbjvr-source",
        "rev": "3ce0ea52a0a71ac04f4ce0a2c8a629e02a4e6279",
        "type": "path"
      },
      "original": {
        "id": "nixpkgs",
        "type": "indirect"
      }
    },
    "root": {
      "inputs": {
        "nixpkgs": "nixpkgs"
      }
    }
  },
  "root": "root",
  "version": 7
}
